
Microsoft Visual Studio Solution File, Format Version 12.00
# Visual Studio Version 17
VisualStudioVersion = 17.11.35118.90
MinimumVisualStudioVersion = 10.0.40219.1
Project("{2150E333-8FDC-42A3-9474-1A3956D46DE8}") = "src", "src", "{D8133B72-324D-44DE-95FD-7B24CBDE9A7D}"
EndProject
Project("{2150E333-8FDC-42A3-9474-1A3956D46DE8}") = "test", "test", "{B0ADE870-7A70-4AFB-AF0B-100BF7DA6833}"
EndProject
Project("{9A19103F-16F7-4668-BE54-9A1E7A4F7556}") = "Domain", "Domain\Domain.csproj", "{F75B0300-61C3-47AD-B948-721BAD605282}"
EndProject
Project("{9A19103F-16F7-4668-BE54-9A1E7A4F7556}") = "Domain.UnitTest", "Domain.UnitTest\Domain.UnitTest.csproj", "{ACAA3A8D-C8CE-42D8-98F0-D7FA165AD42D}"
EndProject
Project("{9A19103F-16F7-4668-BE54-9A1E7A4F7556}") = "WebUI", "WebUI\WebUI.csproj", "{F3468F6E-E266-4622-A4FB-BF706B1C874F}"
EndProject
Project("{E53339B2-1760-4266-BCC7-CA923CBCF16C}") = "docker-compose", "docker-compose.dcproj", "{62B82870-227A-483F-A8E3-22CFA14CE8B1}"
EndProject
Project("{9A19103F-16F7-4668-BE54-9A1E7A4F7556}") = "Domain.IntegrationTests", "Domain.IntgrationTests\Domain.IntegrationTests.csproj", "{2B22FE7F-0AC7-4830-AD4B-740F0CEDDF14}"
EndProject
Project("{2150E333-8FDC-42A3-9474-1A3956D46DE8}") = "requests", "requests", "{74B9056C-1BC0-4216-8318-C77CBAAF15B8}"
	ProjectSection(SolutionItems) = preProject
		Follower.http = Follower.http
		User.http = User.http
	EndProjectSection
EndProject
Global
	GlobalSection(SolutionConfigurationPlatforms) = preSolution
		Debug|Any CPU = Debug|Any CPU
		Release|Any CPU = Release|Any CPU
	EndGlobalSection
	GlobalSection(ProjectConfigurationPlatforms) = postSolution
		{F75B0300-61C3-47AD-B948-721BAD605282}.Debug|Any CPU.ActiveCfg = Debug|Any CPU
		{F75B0300-61C3-47AD-B948-721BAD605282}.Debug|Any CPU.Build.0 = Debug|Any CPU
		{F75B0300-61C3-47AD-B948-721BAD605282}.Release|Any CPU.ActiveCfg = Release|Any CPU
		{F75B0300-61C3-47AD-B948-721BAD605282}.Release|Any CPU.Build.0 = Release|Any CPU
		{ACAA3A8D-C8CE-42D8-98F0-D7FA165AD42D}.Debug|Any CPU.ActiveCfg = Debug|Any CPU
		{ACAA3A8D-C8CE-42D8-98F0-D7FA165AD42D}.Debug|Any CPU.Build.0 = Debug|Any CPU
		{ACAA3A8D-C8CE-42D8-98F0-D7FA165AD42D}.Release|Any CPU.ActiveCfg = Release|Any CPU
		{ACAA3A8D-C8CE-42D8-98F0-D7FA165AD42D}.Release|Any CPU.Build.0 = Release|Any CPU
		{F3468F6E-E266-4622-A4FB-BF706B1C874F}.Debug|Any CPU.ActiveCfg = Debug|Any CPU
		{F3468F6E-E266-4622-A4FB-BF706B1C874F}.Debug|Any CPU.Build.0 = Debug|Any CPU
		{F3468F6E-E266-4622-A4FB-BF706B1C874F}.Release|Any CPU.ActiveCfg = Release|Any CPU
		{F3468F6E-E266-4622-A4FB-BF706B1C874F}.Release|Any CPU.Build.0 = Release|Any CPU
		{62B82870-227A-483F-A8E3-22CFA14CE8B1}.Debug|Any CPU.ActiveCfg = Debug|Any CPU
		{62B82870-227A-483F-A8E3-22CFA14CE8B1}.Debug|Any CPU.Build.0 = Debug|Any CPU
		{62B82870-227A-483F-A8E3-22CFA14CE8B1}.Release|Any CPU.ActiveCfg = Release|Any CPU
		{62B82870-227A-483F-A8E3-22CFA14CE8B1}.Release|Any CPU.Build.0 = Release|Any CPU
		{2B22FE7F-0AC7-4830-AD4B-740F0CEDDF14}.Debug|Any CPU.ActiveCfg = Debug|Any CPU
		{2B22FE7F-0AC7-4830-AD4B-740F0CEDDF14}.Debug|Any CPU.Build.0 = Debug|Any CPU
		{2B22FE7F-0AC7-4830-AD4B-740F0CEDDF14}.Release|Any CPU.ActiveCfg = Release|Any CPU
		{2B22FE7F-0AC7-4830-AD4B-740F0CEDDF14}.Release|Any CPU.Build.0 = Release|Any CPU
	EndGlobalSection
	GlobalSection(SolutionProperties) = preSolution
		HideSolutionNode = FALSE
	EndGlobalSection
	GlobalSection(NestedProjects) = preSolution
		{F75B0300-61C3-47AD-B948-721BAD605282} = {D8133B72-324D-44DE-95FD-7B24CBDE9A7D}
		{ACAA3A8D-C8CE-42D8-98F0-D7FA165AD42D} = {B0ADE870-7A70-4AFB-AF0B-100BF7DA6833}
		{F3468F6E-E266-4622-A4FB-BF706B1C874F} = {D8133B72-324D-44DE-95FD-7B24CBDE9A7D}
		{2B22FE7F-0AC7-4830-AD4B-740F0CEDDF14} = {B0ADE870-7A70-4AFB-AF0B-100BF7DA6833}
	EndGlobalSection
	GlobalSection(ExtensibilityGlobals) = postSolution
		SolutionGuid = {C71DC423-C8CA-42FD-8920-78855F4857E9}
	EndGlobalSection
EndGlobal
